// !$*UTF8*$!
{
	archiveVersion = 1;
	classes = {
	};
	objectVersion = 56;
	objects = {

/* Begin PBXBuildFile section */
		7063B99E2A1E42C400948ED1 /* AppDelegate.swift in Sources */ = {isa = PBXBuildFile; fileRef = 7063B99D2A1E42C400948ED1 /* AppDelegate.swift */; };
		7063B9A02A1E42C400948ED1 /* SceneDelegate.swift in Sources */ = {isa = PBXBuildFile; fileRef = 7063B99F2A1E42C400948ED1 /* SceneDelegate.swift */; };
		7063B9A22A1E42C400948ED1 /* ViewController.swift in Sources */ = {isa = PBXBuildFile; fileRef = 7063B9A12A1E42C400948ED1 /* ViewController.swift */; };
		7063B9A52A1E42C400948ED1 /* Main.storyboard in Resources */ = {isa = PBXBuildFile; fileRef = 7063B9A32A1E42C400948ED1 /* Main.storyboard */; };
		7063B9A72A1E42C500948ED1 /* Assets.xcassets in Resources */ = {isa = PBXBuildFile; fileRef = 7063B9A62A1E42C500948ED1 /* Assets.xcassets */; };
		7063B9AA2A1E42C500948ED1 /* LaunchScreen.storyboard in Resources */ = {isa = PBXBuildFile; fileRef = 7063B9A82A1E42C500948ED1 /* LaunchScreen.storyboard */; };
		7063B9B22A1E5DE100948ED1 /* NavigationCell.swift in Sources */ = {isa = PBXBuildFile; fileRef = 7063B9B12A1E5DE100948ED1 /* NavigationCell.swift */; };
		809B16E130A212BBC1808499 /* Pods_HiddenNavigationBar.framework in Frameworks */ = {isa = PBXBuildFile; fileRef = 91F05D1206FDF9376A5C6CCE /* Pods_HiddenNavigationBar.framework */; };
/* End PBXBuildFile section */

/* Begin PBXFileReference section */
		7063B99A2A1E42C400948ED1 /* HiddenNavigationBar.app */ = {isa = PBXFileReference; explicitFileType = wrapper.application; includeInIndex = 0; path = HiddenNavigationBar.app; sourceTree = BUILT_PRODUCTS_DIR; };
		7063B99D2A1E42C400948ED1 /* AppDelegate.swift */ = {isa = PBXFileReference; lastKnownFileType = sourcecode.swift; path = AppDelegate.swift; sourceTree = "<group>"; };
		7063B99F2A1E42C400948ED1 /* SceneDelegate.swift */ = {isa = PBXFileReference; lastKnownFileType = sourcecode.swift; path = SceneDelegate.swift; sourceTree = "<group>"; };
		7063B9A12A1E42C400948ED1 /* ViewController.swift */ = {isa = PBXFileReference; lastKnownFileType = sourcecode.swift; path = ViewController.swift; sourceTree = "<group>"; };
		7063B9A42A1E42C400948ED1 /* Base */ = {isa = PBXFileReference; lastKnownFileType = file.storyboard; name = Base; path = Base.lproj/Main.storyboard; sourceTree = "<group>"; };
		7063B9A62A1E42C500948ED1 /* Assets.xcassets */ = {isa = PBXFileReference; lastKnownFileType = folder.assetcatalog; path = Assets.xcassets; sourceTree = "<group>"; };
		7063B9A92A1E42C500948ED1 /* Base */ = {isa = PBXFileReference; lastKnownFileType = file.storyboard; name = Base; path = Base.lproj/LaunchScreen.storyboard; sourceTree = "<group>"; };
		7063B9AB2A1E42C500948ED1 /* Info.plist */ = {isa = PBXFileReference; lastKnownFileType = text.plist.xml; path = Info.plist; sourceTree = "<group>"; };
		7063B9B12A1E5DE100948ED1 /* NavigationCell.swift */ = {isa = PBXFileReference; lastKnownFileType = sourcecode.swift; path = NavigationCell.swift; sourceTree = "<group>"; };
		82B0A6943ACFB4BC1D0BBB51 /* Pods-HiddenNavigationBar.release.xcconfig */ = {isa = PBXFileReference; includeInIndex = 1; lastKnownFileType = text.xcconfig; name = "Pods-HiddenNavigationBar.release.xcconfig"; path = "Target Support Files/Pods-HiddenNavigationBar/Pods-HiddenNavigationBar.release.xcconfig"; sourceTree = "<group>"; };
		91F05D1206FDF9376A5C6CCE /* Pods_HiddenNavigationBar.framework */ = {isa = PBXFileReference; explicitFileType = wrapper.framework; includeInIndex = 0; path = Pods_HiddenNavigationBar.framework; sourceTree = BUILT_PRODUCTS_DIR; };
		A6665AC153B7238BDE366169 /* Pods-HiddenNavigationBar.debug.xcconfig */ = {isa = PBXFileReference; includeInIndex = 1; lastKnownFileType = text.xcconfig; name = "Pods-HiddenNavigationBar.debug.xcconfig"; path = "Target Support Files/Pods-HiddenNavigationBar/Pods-HiddenNavigationBar.debug.xcconfig"; sourceTree = "<group>"; };
/* End PBXFileReference section */

/* Begin PBXFrameworksBuildPhase section */
		7063B9972A1E42C400948ED1 /* Frameworks */ = {
			isa = PBXFrameworksBuildPhase;
			buildActionMask = 2147483647;
			files = (
				809B16E130A212BBC1808499 /* Pods_HiddenNavigationBar.framework in Frameworks */,
			);
			runOnlyForDeploymentPostprocessing = 0;
		};
/* End PBXFrameworksBuildPhase section */

/* Begin PBXGroup section */
		7063B9912A1E42C400948ED1 = {
			isa = PBXGroup;
			children = (
				7063B99C2A1E42C400948ED1 /* HiddenNavigationBar */,
				7063B99B2A1E42C400948ED1 /* Products */,
				B9A1638E40587546FCCE8442 /* Pods */,
				7B5D1AF6D2B46A6276A6A592 /* Frameworks */,
			);
			sourceTree = "<group>";
		};
		7063B99B2A1E42C400948ED1 /* Products */ = {
			isa = PBXGroup;
			children = (
				7063B99A2A1E42C400948ED1 /* HiddenNavigationBar.app */,
			);
			name = Products;
			sourceTree = "<group>";
		};
		7063B99C2A1E42C400948ED1 /* HiddenNavigationBar */ = {
			isa = PBXGroup;
			children = (
				7063B99D2A1E42C400948ED1 /* AppDelegate.swift */,
				7063B99F2A1E42C400948ED1 /* SceneDelegate.swift */,
				7063B9A12A1E42C400948ED1 /* ViewController.swift */,
				7063B9B12A1E5DE100948ED1 /* NavigationCell.swift */,
				7063B9A32A1E42C400948ED1 /* Main.storyboard */,
				7063B9A62A1E42C500948ED1 /* Assets.xcassets */,
				7063B9A82A1E42C500948ED1 /* LaunchScreen.storyboard */,
				7063B9AB2A1E42C500948ED1 /* Info.plist */,
			);
			path = HiddenNavigationBar;
			sourceTree = "<group>";
		};
		7B5D1AF6D2B46A6276A6A592 /* Frameworks */ = {
			isa = PBXGroup;
			children = (
				91F05D1206FDF9376A5C6CCE /* Pods_HiddenNavigationBar.framework */,
			);
			name = Frameworks;
			sourceTree = "<group>";
		};
		B9A1638E40587546FCCE8442 /* Pods */ = {
			isa = PBXGroup;
			children = (
				A6665AC153B7238BDE366169 /* Pods-HiddenNavigationBar.debug.xcconfig */,
				82B0A6943ACFB4BC1D0BBB51 /* Pods-HiddenNavigationBar.release.xcconfig */,
			);
			path = Pods;
			sourceTree = "<group>";
		};
/* End PBXGroup section */

/* Begin PBXNativeTarget section */
		7063B9992A1E42C400948ED1 /* HiddenNavigationBar */ = {
			isa = PBXNativeTarget;
			buildConfigurationList = 7063B9AE2A1E42C500948ED1 /* Build configuration list for PBXNativeTarget "HiddenNavigationBar" */;
			buildPhases = (
				38208B8FF04C247F18AA672B /* [CP] Check Pods Manifest.lock */,
				7063B9962A1E42C400948ED1 /* Sources */,
				7063B9972A1E42C400948ED1 /* Frameworks */,
				7063B9982A1E42C400948ED1 /* Resources */,
				E9D06C9800CBF71CC2AC937D /* [CP] Embed Pods Frameworks */,
			);
			buildRules = (
			);
			dependencies = (
			);
			name = HiddenNavigationBar;
			productName = HiddenNavigationBar;
			productReference = 7063B99A2A1E42C400948ED1 /* HiddenNavigationBar.app */;
			productType = "com.apple.product-type.application";
		};
/* End PBXNativeTarget section */

/* Begin PBXProject section */
		7063B9922A1E42C400948ED1 /* Project object */ = {
			isa = PBXProject;
			attributes = {
				BuildIndependentTargetsInParallel = 1;
				LastSwiftUpdateCheck = 1420;
				LastUpgradeCheck = 1420;
				TargetAttributes = {
					7063B9992A1E42C400948ED1 = {
						CreatedOnToolsVersion = 14.2;
					};
				};
			};
			buildConfigurationList = 7063B9952A1E42C400948ED1 /* Build configuration list for PBXProject "HiddenNavigationBar" */;
			compatibilityVersion = "Xcode 14.0";
			developmentRegion = en;
			hasScannedForEncodings = 0;
			knownRegions = (
				en,
				Base,
			);
			mainGroup = 7063B9912A1E42C400948ED1;
			productRefGroup = 7063B99B2A1E42C400948ED1 /* Products */;
			projectDirPath = "";
			projectRoot = "";
			targets = (
				7063B9992A1E42C400948ED1 /* HiddenNavigationBar */,
			);
		};
/* End PBXProject section */

/* Begin PBXResourcesBuildPhase section */
		7063B9982A1E42C400948ED1 /* Resources */ = {
			isa = PBXResourcesBuildPhase;
			buildActionMask = 2147483647;
			files = (
				7063B9AA2A1E42C500948ED1 /* LaunchScreen.storyboard in Resources */,
				7063B9A72A1E42C500948ED1 /* Assets.xcassets in Resources */,
				7063B9A52A1E42C400948ED1 /* Main.storyboard in Resources */,
			);
			runOnlyForDeploymentPostprocessing = 0;
		};
/* End PBXResourcesBuildPhase section */

/* Begin PBXShellScriptBuildPhase section */
		38208B8FF04C247F18AA672B /* [CP] Check Pods Manifest.lock */ = {
			isa = PBXShellScriptBuildPhase;
			buildActionMask = 2147483647;
			files = (
			);
			inputFileListPaths = (
			);
			inputPaths = (
				"${PODS_PODFILE_DIR_PATH}/Podfile.lock",
				"${PODS_ROOT}/Manifest.lock",
			);
			name = "[CP] Check Pods Manifest.lock";
			outputFileListPaths = (
			);
			outputPaths = (
				"$(DERIVED_FILE_DIR)/Pods-HiddenNavigationBar-checkManifestLockResult.txt",
			);
			runOnlyForDeploymentPostprocessing = 0;
			shellPath = /bin/sh;
			shellScript = "diff \"${PODS_PODFILE_DIR_PATH}/Podfile.lock\" \"${PODS_ROOT}/Manifest.lock\" > /dev/null\nif [ $? != 0 ] ; then\n    # print error to STDERR\n    echo \"error: The sandbox is not in sync with the Podfile.lock. Run 'pod install' or update your CocoaPods installation.\" >&2\n    exit 1\nfi\n# This output is used by Xcode 'outputs' to avoid re-running this script phase.\necho \"SUCCESS\" > \"${SCRIPT_OUTPUT_FILE_0}\"\n";
			showEnvVarsInLog = 0;
		};
		E9D06C9800CBF71CC2AC937D /* [CP] Embed Pods Frameworks */ = {
			isa = PBXShellScriptBuildPhase;
			buildActionMask = 2147483647;
			files = (
			);
			inputFileListPaths = (
				"${PODS_ROOT}/Target Support Files/Pods-HiddenNavigationBar/Pods-HiddenNavigationBar-frameworks-${CONFIGURATION}-input-files.xcfilelist",
			);
			name = "[CP] Embed Pods Frameworks";
			outputFileListPaths = (
				"${PODS_ROOT}/Target Support Files/Pods-HiddenNavigationBar/Pods-HiddenNavigationBar-frameworks-${CONFIGURATION}-output-files.xcfilelist",
			);
			runOnlyForDeploymentPostprocessing = 0;
			shellPath = /bin/sh;
			shellScript = "\"${PODS_ROOT}/Target Support Files/Pods-HiddenNavigationBar/Pods-HiddenNavigationBar-frameworks.sh\"\n";
			showEnvVarsInLog = 0;
		};
/* End PBXShellScriptBuildPhase section */

/* Begin PBXSourcesBuildPhase section */
		7063B9962A1E42C400948ED1 /* Sources */ = {
			isa = PBXSourcesBuildPhase;
			buildActionMask = 2147483647;
			files = (
				7063B9A22A1E42C400948ED1 /* ViewController.swift in Sources */,
				7063B9B22A1E5DE100948ED1 /* NavigationCell.swift in Sources */,
				7063B99E2A1E42C400948ED1 /* AppDelegate.swift in Sources */,
				7063B9A02A1E42C400948ED1 /* SceneDelegate.swift in Sources */,
			);
			runOnlyForDeploymentPostprocessing = 0;
		};
/* End PBXSourcesBuildPhase section */

/* Begin PBXVariantGroup section */
		7063B9A32A1E42C400948ED1 /* Main.storyboard */ = {
			isa = PBXVariantGroup;
			children = (
				7063B9A42A1E42C400948ED1 /* Base */,
			);
			name = Main.storyboard;
			sourceTree = "<group>";
		};
		7063B9A82A1E42C500948ED1 /* LaunchScreen.storyboard */ = {
			isa = PBXVariantGroup;
			children = (
				7063B9A92A1E42C500948ED1 /* Base */,
			);
			name = LaunchScreen.storyboard;
			sourceTree = "<group>";
		};
/* End PBXVariantGroup section */

/* Begin XCBuildConfiguration section */
		7063B9AC2A1E42C500948ED1 /* Debug */ = {
			isa = XCBuildConfiguration;
			buildSettings = {
				ALWAYS_SEARCH_USER_PATHS = NO;
				CLANG_ANALYZER_NONNULL = YES;
				CLANG_ANALYZER_NUMBER_OBJECT_CONVERSION = YES_AGGRESSIVE;
				CLANG_CXX_LANGUAGE_STANDARD = "gnu++20";
				CLANG_ENABLE_MODULES = YES;
				CLANG_ENABLE_OBJC_ARC = YES;
				CLANG_ENABLE_OBJC_WEAK = YES;
				CLANG_WARN_BLOCK_CAPTURE_AUTORELEASING = YES;
				CLANG_WARN_BOOL_CONVERSION = YES;
				CLANG_WARN_COMMA = YES;
				CLANG_WARN_CONSTANT_CONVERSION = YES;
				CLANG_WARN_DEPRECATED_OBJC_IMPLEMENTATIONS = YES;
				CLANG_WARN_DIRECT_OBJC_ISA_USAGE = YES_ERROR;
				CLANG_WARN_DOCUMENTATION_COMMENTS = YES;
				CLANG_WARN_EMPTY_BODY = YES;
				CLANG_WARN_ENUM_CONVERSION = YES;
				CLANG_WARN_INFINITE_RECURSION = YES;
				CLANG_WARN_INT_CONVERSION = YES;
				CLANG_WARN_NON_LITERAL_NULL_CONVERSION = YES;
				CLANG_WARN_OBJC_IMPLICIT_RETAIN_SELF = YES;
				CLANG_WARN_OBJC_LITERAL_CONVERSION = YES;
				CLANG_WARN_OBJC_ROOT_CLASS = YES_ERROR;
				CLANG_WARN_QUOTED_INCLUDE_IN_FRAMEWORK_HEADER = YES;
				CLANG_WARN_RANGE_LOOP_ANALYSIS = YES;
				CLANG_WARN_STRICT_PROTOTYPES = YES;
				CLANG_WARN_SUSPICIOUS_MOVE = YES;
				CLANG_WARN_UNGUARDED_AVAILABILITY = YES_AGGRESSIVE;
				CLANG_WARN_UNREACHABLE_CODE = YES;
				CLANG_WARN__DUPLICATE_METHOD_MATCH = YES;
				COPY_PHASE_STRIP = NO;
				DEBUG_INFORMATION_FORMAT = dwarf;
				ENABLE_STRICT_OBJC_MSGSEND = YES;
				ENABLE_TESTABILITY = YES;
				GCC_C_LANGUAGE_STANDARD = gnu11;
				GCC_DYNAMIC_NO_PIC = NO;
				GCC_NO_COMMON_BLOCKS = YES;
				GCC_OPTIMIZATION_LEVEL = 0;
				GCC_PREPROCESSOR_DEFINITIONS = (
					"DEBUG=1",
					"$(inherited)",
				);
				GCC_WARN_64_TO_32_BIT_CONVERSION = YES;
				GCC_WARN_ABOUT_RETURN_TYPE = YES_ERROR;
				GCC_WARN_UNDECLARED_SELECTOR = YES;
				GCC_WARN_UNINITIALIZED_AUTOS = YES_AGGRESSIVE;
				GCC_WARN_UNUSED_FUNCTION = YES;
				GCC_WARN_UNUSED_VARIABLE = YES;
				IPHONEOS_DEPLOYMENT_TARGET = 16.2;
				MTL_ENABLE_DEBUG_INFO = INCLUDE_SOURCE;
				MTL_FAST_MATH = YES;
				ONLY_ACTIVE_ARCH = YES;
				SDKROOT = iphoneos;
				SWIFT_ACTIVE_COMPILATION_CONDITIONS = DEBUG;
				SWIFT_OPTIMIZATION_LEVEL = "-Onone";
			};
			name = Debug;
		};
		7063B9AD2A1E42C500948ED1 /* Release */ = {
			isa = XCBuildConfiguration;
			buildSettings = {
				ALWAYS_SEARCH_USER_PATHS = NO;
				CLANG_ANALYZER_NONNULL = YES;
				CLANG_ANALYZER_NUMBER_OBJECT_CONVERSION = YES_AGGRESSIVE;
				CLANG_CXX_LANGUAGE_STANDARD = "gnu++20";
				CLANG_ENABLE_MODULES = YES;
				CLANG_ENABLE_OBJC_ARC = YES;
				CLANG_ENABLE_OBJC_WEAK = YES;
				CLANG_WARN_BLOCK_CAPTURE_AUTORELEASING = YES;
				CLANG_WARN_BOOL_CONVERSION = YES;
				CLANG_WARN_COMMA = YES;
				CLANG_WARN_CONSTANT_CONVERSION = YES;
				CLANG_WARN_DEPRECATED_OBJC_IMPLEMENTATIONS = YES;
				CLANG_WARN_DIRECT_OBJC_ISA_USAGE = YES_ERROR;
				CLANG_WARN_DOCUMENTATION_COMMENTS = YES;
				CLANG_WARN_EMPTY_BODY = YES;
				CLANG_WARN_ENUM_CONVERSION = YES;
				CLANG_WARN_INFINITE_RECURSION = YES;
				CLANG_WARN_INT_CONVERSION = YES;
				CLANG_WARN_NON_LITERAL_NULL_CONVERSION = YES;
				CLANG_WARN_OBJC_IMPLICIT_RETAIN_SELF = YES;
				CLANG_WARN_OBJC_LITERAL_CONVERSION = YES;
				CLANG_WARN_OBJC_ROOT_CLASS = YES_ERROR;
				CLANG_WARN_QUOTED_INCLUDE_IN_FRAMEWORK_HEADER = YES;
				CLANG_WARN_RANGE_LOOP_ANALYSIS = YES;
				CLANG_WARN_STRICT_PROTOTYPES = YES;
				CLANG_WARN_SUSPICIOUS_MOVE = YES;
				CLANG_WARN_UNGUARDED_AVAILABILITY = YES_AGGRESSIVE;
				CLANG_WARN_UNREACHABLE_CODE = YES;
				CLANG_WARN__DUPLICATE_METHOD_MATCH = YES;
				COPY_PHASE_STRIP = NO;
				DEBUG_INFORMATION_FORMAT = "dwarf-with-dsym";
				ENABLE_NS_ASSERTIONS = NO;
				ENABLE_STRICT_OBJC_MSGSEND = YES;
				GCC_C_LANGUAGE_STANDARD = gnu11;
				GCC_NO_COMMON_BLOCKS = YES;
				GCC_WARN_64_TO_32_BIT_CONVERSION = YES;
				GCC_WARN_ABOUT_RETURN_TYPE = YES_ERROR;
				GCC_WARN_UNDECLARED_SELECTOR = YES;
				GCC_WARN_UNINITIALIZED_AUTOS = YES_AGGRESSIVE;
				GCC_WARN_UNUSED_FUNCTION = YES;
				GCC_WARN_UNUSED_VARIABLE = YES;
				IPHONEOS_DEPLOYMENT_TARGET = 16.2;
				MTL_ENABLE_DEBUG_INFO = NO;
				MTL_FAST_MATH = YES;
				SDKROOT = iphoneos;
				SWIFT_COMPILATION_MODE = wholemodule;
				SWIFT_OPTIMIZATION_LEVEL = "-O";
				VALIDATE_PRODUCT = YES;
			};
			name = Release;
		};
		7063B9AF2A1E42C500948ED1 /* Debug */ = {
			isa = XCBuildConfiguration;
			baseConfigurationReference = A6665AC153B7238BDE366169 /* Pods-HiddenNavigationBar.debug.xcconfig */;
			buildSettings = {
				ASSETCATALOG_COMPILER_APPICON_NAME = AppIcon;
				ASSETCATALOG_COMPILER_GLOBAL_ACCENT_COLOR_NAME = AccentColor;
				CODE_SIGN_STYLE = Manual;
				CURRENT_PROJECT_VERSION = 1;
				DEVELOPMENT_TEAM = "";
				GENERATE_INFOPLIST_FILE = YES;
				INFOPLIST_FILE = HiddenNavigationBar/Info.plist;
				INFOPLIST_KEY_UIApplicationSupportsIndirectInputEvents = YES;
				INFOPLIST_KEY_UILaunchStoryboardName = LaunchScreen;
				INFOPLIST_KEY_UIMainStoryboardFile = Main;
				INFOPLIST_KEY_UISupportedInterfaceOrientations_iPad = "UIInterfaceOrientationPortrait UIInterfaceOrientationPortraitUpsideDown UIInterfaceOrientationLandscapeLeft UIInterfaceOrientationLandscapeRight";
				INFOPLIST_KEY_UISupportedInterfaceOrientations_iPhone = "UIInterfaceOrientationPortrait UIInterfaceOrientationLandscapeLeft UIInterfaceOrientationLandscapeRight";
				LD_RUNPATH_SEARCH_PATHS = (
					"$(inherited)",
					"@executable_path/Frameworks",
				);
				MARKETING_VERSION = 1.0;
				PRODUCT_BUNDLE_IDENTIFIER = com.sunny.HiddenNavigationBar;
				PRODUCT_NAME = "$(TARGET_NAME)";
				PROVISIONING_PROFILE_SPECIFIER = "";
				SWIFT_EMIT_LOC_STRINGS = YES;
				SWIFT_VERSION = 5.0;
				TARGETED_DEVICE_FAMILY = "1,2";
			};
			name = Debug;
		};
		7063B9B02A1E42C500948ED1 /* Release */ = {
			isa = XCBuildConfiguration;
			baseConfigurationReference = 82B0A6943ACFB4BC1D0BBB51 /* Pods-HiddenNavigationBar.release.xcconfig */;
			buildSettings = {
				ASSETCATALOG_COMPILER_APPICON_NAME = AppIcon;
				ASSETCATALOG_COMPILER_GLOBAL_ACCENT_COLOR_NAME = AccentColor;
				CODE_SIGN_STYLE = Manual;
				CURRENT_PROJECT_VERSION = 1;
				DEVELOPMENT_TEAM = "";
				GENERATE_INFOPLIST_FILE = YES;
				INFOPLIST_FILE = HiddenNavigationBar/Info.plist;
				INFOPLIST_KEY_UIApplicationSupportsIndirectInputEvents = YES;
				INFOPLIST_KEY_UILaunchStoryboardName = LaunchScreen;
				INFOPLIST_KEY_UIMainStoryboardFile = Main;
				INFOPLIST_KEY_UISupportedInterfaceOrientations_iPad = "UIInterfaceOrientationPortrait UIInterfaceOrientationPortraitUpsideDown UIInterfaceOrientationLandscapeLeft UIInterfaceOrientationLandscapeRight";
				INFOPLIST_KEY_UISupportedInterfaceOrientations_iPhone = "UIInterfaceOrientationPortrait UIInterfaceOrientationLandscapeLeft UIInterfaceOrientationLandscapeRight";
				LD_RUNPATH_SEARCH_PATHS = (
					"$(inherited)",
					"@executable_path/Frameworks",
				);
				MARKETING_VERSION = 1.0;
				PRODUCT_BUNDLE_IDENTIFIER = com.sunny.HiddenNavigationBar;
				PRODUCT_NAME = "$(TARGET_NAME)";
				PROVISIONING_PROFILE_SPECIFIER = "";
				SWIFT_EMIT_LOC_STRINGS = YES;
				SWIFT_VERSION = 5.0;
				TARGETED_DEVICE_FAMILY = "1,2";
			};
			name = Release;
		};
/* End XCBuildConfiguration section */

/* Begin XCConfigurationList section */
		7063B9952A1E42C400948ED1 /* Build configuration list for PBXProject "HiddenNavigationBar" */ = {
			isa = XCConfigurationList;
			buildConfigurations = (
				7063B9AC2A1E42C500948ED1 /* Debug */,
				7063B9AD2A1E42C500948ED1 /* Release */,
			);
			defaultConfigurationIsVisible = 0;
			defaultConfigurationName = Release;
		};
		7063B9AE2A1E42C500948ED1 /* Build configuration list for PBXNativeTarget "HiddenNavigationBar" */ = {
			isa = XCConfigurationList;
			buildConfigurations = (
				7063B9AF2A1E42C500948ED1 /* Debug */,
				7063B9B02A1E42C500948ED1 /* Release */,
			);
			defaultConfigurationIsVisible = 0;
			defaultConfigurationName = Release;
		};
/* End XCConfigurationList section */
	};
	rootObject = 7063B9922A1E42C400948ED1 /* Project object */;
}
